// !$*UTF8*$!
{
	archiveVersion = 1;
	classes = {
	};
	objectVersion = 55;
	objects = {

/* Begin PBXBuildFile section */
		F0C1B53F29646A2E00DB54B4 /* Method.swift in Sources */ = {isa = PBXBuildFile; fileRef = F0C1B53E29646A2E00DB54B4 /* Method.swift */; };
		F0C1B54129646B6000DB54B4 /* AppError.swift in Sources */ = {isa = PBXBuildFile; fileRef = F0C1B54029646B6000DB54B4 /* AppError.swift */; };
		F0C1B54329646CC300DB54B4 /* AuthResponse.swift in Sources */ = {isa = PBXBuildFile; fileRef = F0C1B54229646CC300DB54B4 /* AuthResponse.swift */; };
		F0C1B545296481AC00DB54B4 /* UserDefaults + Extension.swift in Sources */ = {isa = PBXBuildFile; fileRef = F0C1B544296481AC00DB54B4 /* UserDefaults + Extension.swift */; };
		F0C2FDFB296EBFB8002247F7 /* AlbumDetailsResponse.swift in Sources */ = {isa = PBXBuildFile; fileRef = F0C2FDFA296EBFB8002247F7 /* AlbumDetailsResponse.swift */; };
		F0C2FDFE296EC1F5002247F7 /* AlbumDetailsViewController.swift in Sources */ = {isa = PBXBuildFile; fileRef = F0C2FDFD296EC1F5002247F7 /* AlbumDetailsViewController.swift */; };
		F0C2FE02296ED249002247F7 /* AlbumDetailsCollectionViewCell.swift in Sources */ = {isa = PBXBuildFile; fileRef = F0C2FE01296ED249002247F7 /* AlbumDetailsCollectionViewCell.swift */; };
		F0C2FE04296ED534002247F7 /* AlbumDetailsViewModel.swift in Sources */ = {isa = PBXBuildFile; fileRef = F0C2FE03296ED534002247F7 /* AlbumDetailsViewModel.swift */; };
		F0C2FE07296F20B8002247F7 /* AlbumHeaderCollectionReusableView.swift in Sources */ = {isa = PBXBuildFile; fileRef = F0C2FE06296F20B8002247F7 /* AlbumHeaderCollectionReusableView.swift */; };
		F0D08DBA296A035E00144A83 /* NewReleasesCollectionViewCell.swift in Sources */ = {isa = PBXBuildFile; fileRef = F0D08DB9296A035E00144A83 /* NewReleasesCollectionViewCell.swift */; };
		F0D08DBC296A070800144A83 /* UICollectionViewCell + Extension.swift in Sources */ = {isa = PBXBuildFile; fileRef = F0D08DBB296A070800144A83 /* UICollectionViewCell + Extension.swift */; };
		F0D08DBE296A0A0C00144A83 /* FeaturedPlaylistCollectionViewCell.swift in Sources */ = {isa = PBXBuildFile; fileRef = F0D08DBD296A0A0C00144A83 /* FeaturedPlaylistCollectionViewCell.swift */; };
		F0D08DC0296A0A2000144A83 /* TracksCollectionViewCell.swift in Sources */ = {isa = PBXBuildFile; fileRef = F0D08DBF296A0A2000144A83 /* TracksCollectionViewCell.swift */; };
		F0D08DC2296A0E5600144A83 /* UILabel + Extension.swift in Sources */ = {isa = PBXBuildFile; fileRef = F0D08DC1296A0E5600144A83 /* UILabel + Extension.swift */; };
		F0D2F4FB2967371F0052ECB8 /* APIManager.swift in Sources */ = {isa = PBXBuildFile; fileRef = F0D2F4FA2967371F0052ECB8 /* APIManager.swift */; };
		F0D2F4FD2967384C0052ECB8 /* Route.swift in Sources */ = {isa = PBXBuildFile; fileRef = F0D2F4FC2967384C0052ECB8 /* Route.swift */; };
		F0D2F4FF296739620052ECB8 /* String + Extension.swift in Sources */ = {isa = PBXBuildFile; fileRef = F0D2F4FE296739620052ECB8 /* String + Extension.swift */; };
		F0D2F50229673E2B0052ECB8 /* UserProfile.swift in Sources */ = {isa = PBXBuildFile; fileRef = F0D2F50129673E2B0052ECB8 /* UserProfile.swift */; };
		F0D2F5042967438A0052ECB8 /* APIImage.swift in Sources */ = {isa = PBXBuildFile; fileRef = F0D2F5032967438A0052ECB8 /* APIImage.swift */; };
		F0D2F507296767D50052ECB8 /* ProfileViewController.swift in Sources */ = {isa = PBXBuildFile; fileRef = F0D2F506296767D50052ECB8 /* ProfileViewController.swift */; };
		F0D2F509296768F80052ECB8 /* ProfileViewModel.swift in Sources */ = {isa = PBXBuildFile; fileRef = F0D2F508296768F80052ECB8 /* ProfileViewModel.swift */; };
		F0D2F50C29676BF70052ECB8 /* SettingsViewController.swift in Sources */ = {isa = PBXBuildFile; fileRef = F0D2F50B29676BF70052ECB8 /* SettingsViewController.swift */; };
		F0D2F50E29676CDB0052ECB8 /* TableViewModel.swift.swift in Sources */ = {isa = PBXBuildFile; fileRef = F0D2F50D29676CDB0052ECB8 /* TableViewModel.swift.swift */; };
		F0D2F5102967712A0052ECB8 /* SettingsViewModel.swift in Sources */ = {isa = PBXBuildFile; fileRef = F0D2F50F2967712A0052ECB8 /* SettingsViewModel.swift */; };
		F0D2F513296780170052ECB8 /* SDWebImage in Frameworks */ = {isa = PBXBuildFile; productRef = F0D2F512296780170052ECB8 /* SDWebImage */; };
		F0D2F51529685B390052ECB8 /* NewReleasesResponse.swift in Sources */ = {isa = PBXBuildFile; fileRef = F0D2F51429685B390052ECB8 /* NewReleasesResponse.swift */; };
		F0D2F51729685BE20052ECB8 /* Artist.swift in Sources */ = {isa = PBXBuildFile; fileRef = F0D2F51629685BE20052ECB8 /* Artist.swift */; };
		F0D2F51929685D090052ECB8 /* Album.swift in Sources */ = {isa = PBXBuildFile; fileRef = F0D2F51829685D090052ECB8 /* Album.swift */; };
		F0D2F51B296860B50052ECB8 /* Playlist.swift in Sources */ = {isa = PBXBuildFile; fileRef = F0D2F51A296860B50052ECB8 /* Playlist.swift */; };
		F0D2F51D296860D50052ECB8 /* Owner.swift in Sources */ = {isa = PBXBuildFile; fileRef = F0D2F51C296860D50052ECB8 /* Owner.swift */; };
		F0D2F51F296861C30052ECB8 /* FeaturedPlaylistResponse.swift in Sources */ = {isa = PBXBuildFile; fileRef = F0D2F51E296861C30052ECB8 /* FeaturedPlaylistResponse.swift */; };
		F0D2F521296867AA0052ECB8 /* RecommendedGenresResponse.swift in Sources */ = {isa = PBXBuildFile; fileRef = F0D2F520296867AA0052ECB8 /* RecommendedGenresResponse.swift */; };
		F0D457D6296DD713000A9054 /* SpotifyModel.swift in Sources */ = {isa = PBXBuildFile; fileRef = F0D457D5296DD713000A9054 /* SpotifyModel.swift */; };
		F0D457D8296DE511000A9054 /* HomeHeadersCollectionReusableView.swift in Sources */ = {isa = PBXBuildFile; fileRef = F0D457D7296DE511000A9054 /* HomeHeadersCollectionReusableView.swift */; };
		F0DE20E4296355BD00BAA2DD /* AppDelegate.swift in Sources */ = {isa = PBXBuildFile; fileRef = F0DE20E3296355BD00BAA2DD /* AppDelegate.swift */; };
		F0DE20E6296355BD00BAA2DD /* SceneDelegate.swift in Sources */ = {isa = PBXBuildFile; fileRef = F0DE20E5296355BD00BAA2DD /* SceneDelegate.swift */; };
		F0DE20ED296355BD00BAA2DD /* Assets.xcassets in Resources */ = {isa = PBXBuildFile; fileRef = F0DE20EC296355BD00BAA2DD /* Assets.xcassets */; };
		F0DE20F0296355BD00BAA2DD /* LaunchScreen.storyboard in Resources */ = {isa = PBXBuildFile; fileRef = F0DE20EE296355BD00BAA2DD /* LaunchScreen.storyboard */; };
		F0DE21032963586000BAA2DD /* TabBarViewController.swift in Sources */ = {isa = PBXBuildFile; fileRef = F0DE21022963586000BAA2DD /* TabBarViewController.swift */; };
		F0DE2106296358A400BAA2DD /* HomeViewController.swift in Sources */ = {isa = PBXBuildFile; fileRef = F0DE2105296358A400BAA2DD /* HomeViewController.swift */; };
		F0DE2108296358B500BAA2DD /* HomeViewModel.swift in Sources */ = {isa = PBXBuildFile; fileRef = F0DE2107296358B500BAA2DD /* HomeViewModel.swift */; };
		F0DE210B296358CD00BAA2DD /* SearchViewController.swift in Sources */ = {isa = PBXBuildFile; fileRef = F0DE210A296358CD00BAA2DD /* SearchViewController.swift */; };
		F0DE210E296358E700BAA2DD /* LibraryViewController.swift in Sources */ = {isa = PBXBuildFile; fileRef = F0DE210D296358E700BAA2DD /* LibraryViewController.swift */; };
		F0DE2112296359D800BAA2DD /* WelcomeViewController.swift in Sources */ = {isa = PBXBuildFile; fileRef = F0DE2111296359D800BAA2DD /* WelcomeViewController.swift */; };
		F0DE211429635CC800BAA2DD /* AuthManager.swift in Sources */ = {isa = PBXBuildFile; fileRef = F0DE211329635CC800BAA2DD /* AuthManager.swift */; };
		F0DE21172963622C00BAA2DD /* Constants.swift in Sources */ = {isa = PBXBuildFile; fileRef = F0DE21162963622C00BAA2DD /* Constants.swift */; };
		F0DE211A2963629000BAA2DD /* AuthViewController.swift in Sources */ = {isa = PBXBuildFile; fileRef = F0DE21192963629000BAA2DD /* AuthViewController.swift */; };
		F0DE211E296364BE00BAA2DD /* UIButton + Extension.swift in Sources */ = {isa = PBXBuildFile; fileRef = F0DE211D296364BE00BAA2DD /* UIButton + Extension.swift */; };
		F0DE21212963658400BAA2DD /* SnapKit in Frameworks */ = {isa = PBXBuildFile; productRef = F0DE21202963658400BAA2DD /* SnapKit */; };
		F0DE212329636BAA00BAA2DD /* UIImageView + Extension.swift in Sources */ = {isa = PBXBuildFile; fileRef = F0DE212229636BAA00BAA2DD /* UIImageView + Extension.swift */; };
		F0DE212529636C5C00BAA2DD /* UIView + Extension.swift in Sources */ = {isa = PBXBuildFile; fileRef = F0DE212429636C5C00BAA2DD /* UIView + Extension.swift */; };
		F0DE2127296372FD00BAA2DD /* WelcomeViewModel.swift in Sources */ = {isa = PBXBuildFile; fileRef = F0DE2126296372FD00BAA2DD /* WelcomeViewModel.swift */; };
		F0EBEBAC2969D553004DF189 /* UICollectionView + Extension.swift in Sources */ = {isa = PBXBuildFile; fileRef = F0EBEBAB2969D553004DF189 /* UICollectionView + Extension.swift */; };
		F0EF49A82968B6D600C178E8 /* Track.swift in Sources */ = {isa = PBXBuildFile; fileRef = F0EF49A72968B6D600C178E8 /* Track.swift */; };
		F0EF49AA2968B75400C178E8 /* RecommendationsResponse.swift in Sources */ = {isa = PBXBuildFile; fileRef = F0EF49A92968B75400C178E8 /* RecommendationsResponse.swift */; };
/* End PBXBuildFile section */

/* Begin PBXFileReference section */
		F0C1B53E29646A2E00DB54B4 /* Method.swift */ = {isa = PBXFileReference; lastKnownFileType = sourcecode.swift; path = Method.swift; sourceTree = "<group>"; };
		F0C1B54029646B6000DB54B4 /* AppError.swift */ = {isa = PBXFileReference; lastKnownFileType = sourcecode.swift; path = AppError.swift; sourceTree = "<group>"; };
		F0C1B54229646CC300DB54B4 /* AuthResponse.swift */ = {isa = PBXFileReference; lastKnownFileType = sourcecode.swift; path = AuthResponse.swift; sourceTree = "<group>"; };
		F0C1B544296481AC00DB54B4 /* UserDefaults + Extension.swift */ = {isa = PBXFileReference; lastKnownFileType = sourcecode.swift; path = "UserDefaults + Extension.swift"; sourceTree = "<group>"; };
		F0C2FDFA296EBFB8002247F7 /* AlbumDetailsResponse.swift */ = {isa = PBXFileReference; lastKnownFileType = sourcecode.swift; path = AlbumDetailsResponse.swift; sourceTree = "<group>"; };
		F0C2FDFD296EC1F5002247F7 /* AlbumDetailsViewController.swift */ = {isa = PBXFileReference; lastKnownFileType = sourcecode.swift; path = AlbumDetailsViewController.swift; sourceTree = "<group>"; };
		F0C2FE01296ED249002247F7 /* AlbumDetailsCollectionViewCell.swift */ = {isa = PBXFileReference; lastKnownFileType = sourcecode.swift; path = AlbumDetailsCollectionViewCell.swift; sourceTree = "<group>"; };
		F0C2FE03296ED534002247F7 /* AlbumDetailsViewModel.swift */ = {isa = PBXFileReference; lastKnownFileType = sourcecode.swift; path = AlbumDetailsViewModel.swift; sourceTree = "<group>"; };
		F0C2FE06296F20B8002247F7 /* AlbumHeaderCollectionReusableView.swift */ = {isa = PBXFileReference; lastKnownFileType = sourcecode.swift; path = AlbumHeaderCollectionReusableView.swift; sourceTree = "<group>"; };
		F0D08DB9296A035E00144A83 /* NewReleasesCollectionViewCell.swift */ = {isa = PBXFileReference; lastKnownFileType = sourcecode.swift; path = NewReleasesCollectionViewCell.swift; sourceTree = "<group>"; };
		F0D08DBB296A070800144A83 /* UICollectionViewCell + Extension.swift */ = {isa = PBXFileReference; lastKnownFileType = sourcecode.swift; path = "UICollectionViewCell + Extension.swift"; sourceTree = "<group>"; };
		F0D08DBD296A0A0C00144A83 /* FeaturedPlaylistCollectionViewCell.swift */ = {isa = PBXFileReference; lastKnownFileType = sourcecode.swift; path = FeaturedPlaylistCollectionViewCell.swift; sourceTree = "<group>"; };
		F0D08DBF296A0A2000144A83 /* TracksCollectionViewCell.swift */ = {isa = PBXFileReference; lastKnownFileType = sourcecode.swift; path = TracksCollectionViewCell.swift; sourceTree = "<group>"; };
		F0D08DC1296A0E5600144A83 /* UILabel + Extension.swift */ = {isa = PBXFileReference; lastKnownFileType = sourcecode.swift; path = "UILabel + Extension.swift"; sourceTree = "<group>"; };
		F0D2F4FA2967371F0052ECB8 /* APIManager.swift */ = {isa = PBXFileReference; lastKnownFileType = sourcecode.swift; path = APIManager.swift; sourceTree = "<group>"; };
		F0D2F4FC2967384C0052ECB8 /* Route.swift */ = {isa = PBXFileReference; lastKnownFileType = sourcecode.swift; path = Route.swift; sourceTree = "<group>"; };
		F0D2F4FE296739620052ECB8 /* String + Extension.swift */ = {isa = PBXFileReference; lastKnownFileType = sourcecode.swift; path = "String + Extension.swift"; sourceTree = "<group>"; };
		F0D2F50129673E2B0052ECB8 /* UserProfile.swift */ = {isa = PBXFileReference; lastKnownFileType = sourcecode.swift; path = UserProfile.swift; sourceTree = "<group>"; };
		F0D2F5032967438A0052ECB8 /* APIImage.swift */ = {isa = PBXFileReference; lastKnownFileType = sourcecode.swift; path = APIImage.swift; sourceTree = "<group>"; };
		F0D2F506296767D50052ECB8 /* ProfileViewController.swift */ = {isa = PBXFileReference; lastKnownFileType = sourcecode.swift; path = ProfileViewController.swift; sourceTree = "<group>"; };
		F0D2F508296768F80052ECB8 /* ProfileViewModel.swift */ = {isa = PBXFileReference; lastKnownFileType = sourcecode.swift; path = ProfileViewModel.swift; sourceTree = "<group>"; };
		F0D2F50B29676BF70052ECB8 /* SettingsViewController.swift */ = {isa = PBXFileReference; lastKnownFileType = sourcecode.swift; path = SettingsViewController.swift; sourceTree = "<group>"; };
		F0D2F50D29676CDB0052ECB8 /* TableViewModel.swift.swift */ = {isa = PBXFileReference; lastKnownFileType = sourcecode.swift; path = TableViewModel.swift.swift; sourceTree = "<group>"; };
		F0D2F50F2967712A0052ECB8 /* SettingsViewModel.swift */ = {isa = PBXFileReference; lastKnownFileType = sourcecode.swift; path = SettingsViewModel.swift; sourceTree = "<group>"; };
		F0D2F51429685B390052ECB8 /* NewReleasesResponse.swift */ = {isa = PBXFileReference; lastKnownFileType = sourcecode.swift; path = NewReleasesResponse.swift; sourceTree = "<group>"; };
		F0D2F51629685BE20052ECB8 /* Artist.swift */ = {isa = PBXFileReference; lastKnownFileType = sourcecode.swift; path = Artist.swift; sourceTree = "<group>"; };
		F0D2F51829685D090052ECB8 /* Album.swift */ = {isa = PBXFileReference; lastKnownFileType = sourcecode.swift; path = Album.swift; sourceTree = "<group>"; };
		F0D2F51A296860B50052ECB8 /* Playlist.swift */ = {isa = PBXFileReference; lastKnownFileType = sourcecode.swift; path = Playlist.swift; sourceTree = "<group>"; };
		F0D2F51C296860D50052ECB8 /* Owner.swift */ = {isa = PBXFileReference; lastKnownFileType = sourcecode.swift; path = Owner.swift; sourceTree = "<group>"; };
		F0D2F51E296861C30052ECB8 /* FeaturedPlaylistResponse.swift */ = {isa = PBXFileReference; lastKnownFileType = sourcecode.swift; path = FeaturedPlaylistResponse.swift; sourceTree = "<group>"; };
		F0D2F520296867AA0052ECB8 /* RecommendedGenresResponse.swift */ = {isa = PBXFileReference; lastKnownFileType = sourcecode.swift; path = RecommendedGenresResponse.swift; sourceTree = "<group>"; };
		F0D457D5296DD713000A9054 /* SpotifyModel.swift */ = {isa = PBXFileReference; lastKnownFileType = sourcecode.swift; path = SpotifyModel.swift; sourceTree = "<group>"; };
		F0D457D7296DE511000A9054 /* HomeHeadersCollectionReusableView.swift */ = {isa = PBXFileReference; lastKnownFileType = sourcecode.swift; path = HomeHeadersCollectionReusableView.swift; sourceTree = "<group>"; };
		F0DE20E0296355BD00BAA2DD /* SpotifyClone.app */ = {isa = PBXFileReference; explicitFileType = wrapper.application; includeInIndex = 0; path = SpotifyClone.app; sourceTree = BUILT_PRODUCTS_DIR; };
		F0DE20E3296355BD00BAA2DD /* AppDelegate.swift */ = {isa = PBXFileReference; lastKnownFileType = sourcecode.swift; path = AppDelegate.swift; sourceTree = "<group>"; };
		F0DE20E5296355BD00BAA2DD /* SceneDelegate.swift */ = {isa = PBXFileReference; lastKnownFileType = sourcecode.swift; path = SceneDelegate.swift; sourceTree = "<group>"; };
		F0DE20EC296355BD00BAA2DD /* Assets.xcassets */ = {isa = PBXFileReference; lastKnownFileType = folder.assetcatalog; path = Assets.xcassets; sourceTree = "<group>"; };
		F0DE20EF296355BD00BAA2DD /* Base */ = {isa = PBXFileReference; lastKnownFileType = file.storyboard; name = Base; path = Base.lproj/LaunchScreen.storyboard; sourceTree = "<group>"; };
		F0DE20F1296355BD00BAA2DD /* Info.plist */ = {isa = PBXFileReference; lastKnownFileType = text.plist.xml; path = Info.plist; sourceTree = "<group>"; };
		F0DE21022963586000BAA2DD /* TabBarViewController.swift */ = {isa = PBXFileReference; lastKnownFileType = sourcecode.swift; path = TabBarViewController.swift; sourceTree = "<group>"; };
		F0DE2105296358A400BAA2DD /* HomeViewController.swift */ = {isa = PBXFileReference; lastKnownFileType = sourcecode.swift; path = HomeViewController.swift; sourceTree = "<group>"; };
		F0DE2107296358B500BAA2DD /* HomeViewModel.swift */ = {isa = PBXFileReference; lastKnownFileType = sourcecode.swift; path = HomeViewModel.swift; sourceTree = "<group>"; };
		F0DE210A296358CD00BAA2DD /* SearchViewController.swift */ = {isa = PBXFileReference; lastKnownFileType = sourcecode.swift; path = SearchViewController.swift; sourceTree = "<group>"; };
		F0DE210D296358E700BAA2DD /* LibraryViewController.swift */ = {isa = PBXFileReference; lastKnownFileType = sourcecode.swift; path = LibraryViewController.swift; sourceTree = "<group>"; };
		F0DE2111296359D800BAA2DD /* WelcomeViewController.swift */ = {isa = PBXFileReference; lastKnownFileType = sourcecode.swift; path = WelcomeViewController.swift; sourceTree = "<group>"; };
		F0DE211329635CC800BAA2DD /* AuthManager.swift */ = {isa = PBXFileReference; lastKnownFileType = sourcecode.swift; path = AuthManager.swift; sourceTree = "<group>"; };
		F0DE21162963622C00BAA2DD /* Constants.swift */ = {isa = PBXFileReference; lastKnownFileType = sourcecode.swift; path = Constants.swift; sourceTree = "<group>"; };
		F0DE21192963629000BAA2DD /* AuthViewController.swift */ = {isa = PBXFileReference; lastKnownFileType = sourcecode.swift; path = AuthViewController.swift; sourceTree = "<group>"; };
		F0DE211D296364BE00BAA2DD /* UIButton + Extension.swift */ = {isa = PBXFileReference; lastKnownFileType = sourcecode.swift; path = "UIButton + Extension.swift"; sourceTree = "<group>"; };
		F0DE212229636BAA00BAA2DD /* UIImageView + Extension.swift */ = {isa = PBXFileReference; lastKnownFileType = sourcecode.swift; path = "UIImageView + Extension.swift"; sourceTree = "<group>"; };
		F0DE212429636C5C00BAA2DD /* UIView + Extension.swift */ = {isa = PBXFileReference; lastKnownFileType = sourcecode.swift; path = "UIView + Extension.swift"; sourceTree = "<group>"; };
		F0DE2126296372FD00BAA2DD /* WelcomeViewModel.swift */ = {isa = PBXFileReference; lastKnownFileType = sourcecode.swift; path = WelcomeViewModel.swift; sourceTree = "<group>"; };
		F0EBEBAB2969D553004DF189 /* UICollectionView + Extension.swift */ = {isa = PBXFileReference; lastKnownFileType = sourcecode.swift; path = "UICollectionView + Extension.swift"; sourceTree = "<group>"; };
		F0EF49A72968B6D600C178E8 /* Track.swift */ = {isa = PBXFileReference; lastKnownFileType = sourcecode.swift; path = Track.swift; sourceTree = "<group>"; };
		F0EF49A92968B75400C178E8 /* RecommendationsResponse.swift */ = {isa = PBXFileReference; lastKnownFileType = sourcecode.swift; path = RecommendationsResponse.swift; sourceTree = "<group>"; };
/* End PBXFileReference section */

/* Begin PBXFrameworksBuildPhase section */
		F0DE20DD296355BD00BAA2DD /* Frameworks */ = {
			isa = PBXFrameworksBuildPhase;
			buildActionMask = 2147483647;
			files = (
				F0D2F513296780170052ECB8 /* SDWebImage in Frameworks */,
				F0DE21212963658400BAA2DD /* SnapKit in Frameworks */,
			);
			runOnlyForDeploymentPostprocessing = 0;
		};
/* End PBXFrameworksBuildPhase section */

/* Begin PBXGroup section */
		F0C2FDFC296EC1D9002247F7 /* AlbumDetails */ = {
			isa = PBXGroup;
			children = (
				F0C2FDFD296EC1F5002247F7 /* AlbumDetailsViewController.swift */,
				F0C2FE03296ED534002247F7 /* AlbumDetailsViewModel.swift */,
			);
			path = AlbumDetails;
			sourceTree = "<group>";
		};
		F0C2FE05296F2096002247F7 /* AlbumDetails */ = {
			isa = PBXGroup;
			children = (
				F0C2FE01296ED249002247F7 /* AlbumDetailsCollectionViewCell.swift */,
				F0C2FE06296F20B8002247F7 /* AlbumHeaderCollectionReusableView.swift */,
			);
			path = AlbumDetails;
			sourceTree = "<group>";
		};
		F0D2F50029673DBC0052ECB8 /* Responses */ = {
			isa = PBXGroup;
			children = (
				F0C1B54229646CC300DB54B4 /* AuthResponse.swift */,
				F0D2F51429685B390052ECB8 /* NewReleasesResponse.swift */,
				F0D2F51E296861C30052ECB8 /* FeaturedPlaylistResponse.swift */,
				F0D2F520296867AA0052ECB8 /* RecommendedGenresResponse.swift */,
				F0EF49A92968B75400C178E8 /* RecommendationsResponse.swift */,
				F0C2FDFA296EBFB8002247F7 /* AlbumDetailsResponse.swift */,
			);
			path = Responses;
			sourceTree = "<group>";
		};
		F0D2F505296767C70052ECB8 /* Profile */ = {
			isa = PBXGroup;
			children = (
				F0D2F506296767D50052ECB8 /* ProfileViewController.swift */,
				F0D2F508296768F80052ECB8 /* ProfileViewModel.swift */,
			);
			path = Profile;
			sourceTree = "<group>";
		};
		F0D2F50A29676BE60052ECB8 /* Settings */ = {
			isa = PBXGroup;
			children = (
				F0D2F50B29676BF70052ECB8 /* SettingsViewController.swift */,
				F0D2F50F2967712A0052ECB8 /* SettingsViewModel.swift */,
			);
			path = Settings;
			sourceTree = "<group>";
		};
		F0DE20D7296355BD00BAA2DD = {
			isa = PBXGroup;
			children = (
				F0DE20E2296355BD00BAA2DD /* SpotifyClone */,
				F0DE20E1296355BD00BAA2DD /* Products */,
			);
			sourceTree = "<group>";
		};
		F0DE20E1296355BD00BAA2DD /* Products */ = {
			isa = PBXGroup;
			children = (
				F0DE20E0296355BD00BAA2DD /* SpotifyClone.app */,
			);
			name = Products;
			sourceTree = "<group>";
		};
		F0DE20E2296355BD00BAA2DD /* SpotifyClone */ = {
			isa = PBXGroup;
			children = (
				F0DE20F72963573300BAA2DD /* Resources */,
				F0DE20F92963575500BAA2DD /* Managers */,
				F0DE20FA2963575900BAA2DD /* Models */,
				F0DE20F82963573D00BAA2DD /* Scenes */,
				F0DE20FB2963575C00BAA2DD /* Views */,
				F0DE20FC2963576000BAA2DD /* Helper */,
				F0DE211B296362BA00BAA2DD /* Extensions */,
				F0DE20F1296355BD00BAA2DD /* Info.plist */,
			);
			path = SpotifyClone;
			sourceTree = "<group>";
		};
		F0DE20F72963573300BAA2DD /* Resources */ = {
			isa = PBXGroup;
			children = (
				F0DE20E3296355BD00BAA2DD /* AppDelegate.swift */,
				F0DE20E5296355BD00BAA2DD /* SceneDelegate.swift */,
				F0DE20EC296355BD00BAA2DD /* Assets.xcassets */,
			);
			path = Resources;
			sourceTree = "<group>";
		};
		F0DE20F82963573D00BAA2DD /* Scenes */ = {
			isa = PBXGroup;
			children = (
				F0DE20FD2963581400BAA2DD /* Core */,
				F0DE210F296359C000BAA2DD /* Other */,
			);
			path = Scenes;
			sourceTree = "<group>";
		};
		F0DE20F92963575500BAA2DD /* Managers */ = {
			isa = PBXGroup;
			children = (
				F0DE211329635CC800BAA2DD /* AuthManager.swift */,
				F0D2F4FA2967371F0052ECB8 /* APIManager.swift */,
			);
			path = Managers;
			sourceTree = "<group>";
		};
		F0DE20FA2963575900BAA2DD /* Models */ = {
			isa = PBXGroup;
			children = (
				F0D2F50D29676CDB0052ECB8 /* TableViewModel.swift.swift */,
				F0D2F50029673DBC0052ECB8 /* Responses */,
				F0D2F50129673E2B0052ECB8 /* UserProfile.swift */,
				F0D2F5032967438A0052ECB8 /* APIImage.swift */,
				F0D2F51629685BE20052ECB8 /* Artist.swift */,
				F0D2F51829685D090052ECB8 /* Album.swift */,
				F0D2F51A296860B50052ECB8 /* Playlist.swift */,
				F0D2F51C296860D50052ECB8 /* Owner.swift */,
				F0EF49A72968B6D600C178E8 /* Track.swift */,
				F0D457D5296DD713000A9054 /* SpotifyModel.swift */,
			);
			path = Models;
			sourceTree = "<group>";
		};
		F0DE20FB2963575C00BAA2DD /* Views */ = {
			isa = PBXGroup;
			children = (
				F0C2FE05296F2096002247F7 /* AlbumDetails */,
				F0EBEBAA2969C9C3004DF189 /* Browse */,
				F0DE20EE296355BD00BAA2DD /* LaunchScreen.storyboard */,
			);
			path = Views;
			sourceTree = "<group>";
		};
		F0DE20FC2963576000BAA2DD /* Helper */ = {
			isa = PBXGroup;
			children = (
				F0DE21162963622C00BAA2DD /* Constants.swift */,
				F0C1B53E29646A2E00DB54B4 /* Method.swift */,
				F0C1B54029646B6000DB54B4 /* AppError.swift */,
				F0D2F4FC2967384C0052ECB8 /* Route.swift */,
			);
			path = Helper;
			sourceTree = "<group>";
		};
		F0DE20FD2963581400BAA2DD /* Core */ = {
			isa = PBXGroup;
			children = (
				F0DE20FE2963581D00BAA2DD /* TabBar */,
				F0DE21042963588C00BAA2DD /* Home */,
				F0DE2109296358C000BAA2DD /* Search */,
				F0DE210C296358D800BAA2DD /* Library */,
			);
			path = Core;
			sourceTree = "<group>";
		};
		F0DE20FE2963581D00BAA2DD /* TabBar */ = {
			isa = PBXGroup;
			children = (
				F0DE21022963586000BAA2DD /* TabBarViewController.swift */,
			);
			path = TabBar;
			sourceTree = "<group>";
		};
		F0DE21042963588C00BAA2DD /* Home */ = {
			isa = PBXGroup;
			children = (
				F0DE2105296358A400BAA2DD /* HomeViewController.swift */,
				F0DE2107296358B500BAA2DD /* HomeViewModel.swift */,
			);
			path = Home;
			sourceTree = "<group>";
		};
		F0DE2109296358C000BAA2DD /* Search */ = {
			isa = PBXGroup;
			children = (
				F0DE210A296358CD00BAA2DD /* SearchViewController.swift */,
			);
			path = Search;
			sourceTree = "<group>";
		};
		F0DE210C296358D800BAA2DD /* Library */ = {
			isa = PBXGroup;
			children = (
				F0DE210D296358E700BAA2DD /* LibraryViewController.swift */,
			);
			path = Library;
			sourceTree = "<group>";
		};
		F0DE210F296359C000BAA2DD /* Other */ = {
			isa = PBXGroup;
			children = (
				F0C2FDFC296EC1D9002247F7 /* AlbumDetails */,
				F0D2F50A29676BE60052ECB8 /* Settings */,
				F0D2F505296767C70052ECB8 /* Profile */,
				F0DE21182963627F00BAA2DD /* Auth */,
				F0DE2110296359C600BAA2DD /* Welcome */,
			);
			path = Other;
			sourceTree = "<group>";
		};
		F0DE2110296359C600BAA2DD /* Welcome */ = {
			isa = PBXGroup;
			children = (
				F0DE2111296359D800BAA2DD /* WelcomeViewController.swift */,
				F0DE2126296372FD00BAA2DD /* WelcomeViewModel.swift */,
			);
			path = Welcome;
			sourceTree = "<group>";
		};
		F0DE21182963627F00BAA2DD /* Auth */ = {
			isa = PBXGroup;
			children = (
				F0DE21192963629000BAA2DD /* AuthViewController.swift */,
			);
			path = Auth;
			sourceTree = "<group>";
		};
		F0DE211B296362BA00BAA2DD /* Extensions */ = {
			isa = PBXGroup;
			children = (
				F0DE211C296364B100BAA2DD /* UIKit */,
				F0C1B544296481AC00DB54B4 /* UserDefaults + Extension.swift */,
				F0D2F4FE296739620052ECB8 /* String + Extension.swift */,
				F0EBEBAB2969D553004DF189 /* UICollectionView + Extension.swift */,
				F0D08DBB296A070800144A83 /* UICollectionViewCell + Extension.swift */,
			);
			path = Extensions;
			sourceTree = "<group>";
		};
		F0DE211C296364B100BAA2DD /* UIKit */ = {
			isa = PBXGroup;
			children = (
				F0DE211D296364BE00BAA2DD /* UIButton + Extension.swift */,
				F0DE212229636BAA00BAA2DD /* UIImageView + Extension.swift */,
				F0DE212429636C5C00BAA2DD /* UIView + Extension.swift */,
				F0D08DC1296A0E5600144A83 /* UILabel + Extension.swift */,
			);
			path = UIKit;
			sourceTree = "<group>";
		};
		F0EBEBAA2969C9C3004DF189 /* Browse */ = {
			isa = PBXGroup;
			children = (
				F0D08DB9296A035E00144A83 /* NewReleasesCollectionViewCell.swift */,
				F0D08DBD296A0A0C00144A83 /* FeaturedPlaylistCollectionViewCell.swift */,
				F0D08DBF296A0A2000144A83 /* TracksCollectionViewCell.swift */,
				F0D457D7296DE511000A9054 /* HomeHeadersCollectionReusableView.swift */,
			);
			path = Browse;
			sourceTree = "<group>";
		};
/* End PBXGroup section */

/* Begin PBXNativeTarget section */
		F0DE20DF296355BD00BAA2DD /* SpotifyClone */ = {
			isa = PBXNativeTarget;
			buildConfigurationList = F0DE20F4296355BD00BAA2DD /* Build configuration list for PBXNativeTarget "SpotifyClone" */;
			buildPhases = (
				F0DE20DC296355BD00BAA2DD /* Sources */,
				F0DE20DD296355BD00BAA2DD /* Frameworks */,
				F0DE20DE296355BD00BAA2DD /* Resources */,
			);
			buildRules = (
			);
			dependencies = (
			);
			name = SpotifyClone;
			packageProductDependencies = (
				F0DE21202963658400BAA2DD /* SnapKit */,
				F0D2F512296780170052ECB8 /* SDWebImage */,
			);
			productName = SpotifyClone;
			productReference = F0DE20E0296355BD00BAA2DD /* SpotifyClone.app */;
			productType = "com.apple.product-type.application";
		};
/* End PBXNativeTarget section */

/* Begin PBXProject section */
		F0DE20D8296355BD00BAA2DD /* Project object */ = {
			isa = PBXProject;
			attributes = {
				BuildIndependentTargetsInParallel = 1;
				LastSwiftUpdateCheck = 1330;
				LastUpgradeCheck = 1330;
				TargetAttributes = {
					F0DE20DF296355BD00BAA2DD = {
						CreatedOnToolsVersion = 13.3;
					};
				};
			};
			buildConfigurationList = F0DE20DB296355BD00BAA2DD /* Build configuration list for PBXProject "SpotifyClone" */;
			compatibilityVersion = "Xcode 13.0";
			developmentRegion = en;
			hasScannedForEncodings = 0;
			knownRegions = (
				en,
				Base,
			);
			mainGroup = F0DE20D7296355BD00BAA2DD;
			packageReferences = (
				F0DE211F2963658400BAA2DD /* XCRemoteSwiftPackageReference "SnapKit" */,
				F0D2F511296780170052ECB8 /* XCRemoteSwiftPackageReference "SDWebImage" */,
			);
			productRefGroup = F0DE20E1296355BD00BAA2DD /* Products */;
			projectDirPath = "";
			projectRoot = "";
			targets = (
				F0DE20DF296355BD00BAA2DD /* SpotifyClone */,
			);
		};
/* End PBXProject section */

/* Begin PBXResourcesBuildPhase section */
		F0DE20DE296355BD00BAA2DD /* Resources */ = {
			isa = PBXResourcesBuildPhase;
			buildActionMask = 2147483647;
			files = (
				F0DE20F0296355BD00BAA2DD /* LaunchScreen.storyboard in Resources */,
				F0DE20ED296355BD00BAA2DD /* Assets.xcassets in Resources */,
			);
			runOnlyForDeploymentPostprocessing = 0;
		};
/* End PBXResourcesBuildPhase section */

/* Begin PBXSourcesBuildPhase section */
		F0DE20DC296355BD00BAA2DD /* Sources */ = {
			isa = PBXSourcesBuildPhase;
			buildActionMask = 2147483647;
			files = (
				F0DE212329636BAA00BAA2DD /* UIImageView + Extension.swift in Sources */,
				F0D08DC0296A0A2000144A83 /* TracksCollectionViewCell.swift in Sources */,
				F0DE2127296372FD00BAA2DD /* WelcomeViewModel.swift in Sources */,
				F0C2FDFB296EBFB8002247F7 /* AlbumDetailsResponse.swift in Sources */,
				F0C1B54129646B6000DB54B4 /* AppError.swift in Sources */,
				F0DE211A2963629000BAA2DD /* AuthViewController.swift in Sources */,
				F0DE2112296359D800BAA2DD /* WelcomeViewController.swift in Sources */,
				F0D08DC2296A0E5600144A83 /* UILabel + Extension.swift in Sources */,
				F0DE2106296358A400BAA2DD /* HomeViewController.swift in Sources */,
				F0D457D6296DD713000A9054 /* SpotifyModel.swift in Sources */,
				F0D2F51F296861C30052ECB8 /* FeaturedPlaylistResponse.swift in Sources */,
				F0D2F50229673E2B0052ECB8 /* UserProfile.swift in Sources */,
				F0D2F521296867AA0052ECB8 /* RecommendedGenresResponse.swift in Sources */,
				F0DE212529636C5C00BAA2DD /* UIView + Extension.swift in Sources */,
				F0D457D8296DE511000A9054 /* HomeHeadersCollectionReusableView.swift in Sources */,
				F0C1B545296481AC00DB54B4 /* UserDefaults + Extension.swift in Sources */,
				F0D08DBA296A035E00144A83 /* NewReleasesCollectionViewCell.swift in Sources */,
				F0DE210B296358CD00BAA2DD /* SearchViewController.swift in Sources */,
				F0D2F509296768F80052ECB8 /* ProfileViewModel.swift in Sources */,
				F0DE210E296358E700BAA2DD /* LibraryViewController.swift in Sources */,
				F0C1B54329646CC300DB54B4 /* AuthResponse.swift in Sources */,
				F0DE2108296358B500BAA2DD /* HomeViewModel.swift in Sources */,
				F0D2F4FD2967384C0052ECB8 /* Route.swift in Sources */,
				F0DE21172963622C00BAA2DD /* Constants.swift in Sources */,
				F0C2FE02296ED249002247F7 /* AlbumDetailsCollectionViewCell.swift in Sources */,
				F0D2F5102967712A0052ECB8 /* SettingsViewModel.swift in Sources */,
				F0D2F4FB2967371F0052ECB8 /* APIManager.swift in Sources */,
				F0C2FE07296F20B8002247F7 /* AlbumHeaderCollectionReusableView.swift in Sources */,
				F0EF49A82968B6D600C178E8 /* Track.swift in Sources */,
				F0EBEBAC2969D553004DF189 /* UICollectionView + Extension.swift in Sources */,
				F0D2F51529685B390052ECB8 /* NewReleasesResponse.swift in Sources */,
				F0DE21032963586000BAA2DD /* TabBarViewController.swift in Sources */,
				F0DE20E4296355BD00BAA2DD /* AppDelegate.swift in Sources */,
				F0DE20E6296355BD00BAA2DD /* SceneDelegate.swift in Sources */,
				F0D2F4FF296739620052ECB8 /* String + Extension.swift in Sources */,
				F0D2F51929685D090052ECB8 /* Album.swift in Sources */,
				F0C2FDFE296EC1F5002247F7 /* AlbumDetailsViewController.swift in Sources */,
				F0C1B53F29646A2E00DB54B4 /* Method.swift in Sources */,
				F0C2FE04296ED534002247F7 /* AlbumDetailsViewModel.swift in Sources */,
				F0D2F51729685BE20052ECB8 /* Artist.swift in Sources */,
				F0DE211429635CC800BAA2DD /* AuthManager.swift in Sources */,
				F0D2F507296767D50052ECB8 /* ProfileViewController.swift in Sources */,
				F0D2F5042967438A0052ECB8 /* APIImage.swift in Sources */,
				F0D08DBE296A0A0C00144A83 /* FeaturedPlaylistCollectionViewCell.swift in Sources */,
				F0D2F51B296860B50052ECB8 /* Playlist.swift in Sources */,
				F0D2F50E29676CDB0052ECB8 /* TableViewModel.swift.swift in Sources */,
				F0D08DBC296A070800144A83 /* UICollectionViewCell + Extension.swift in Sources */,
				F0D2F51D296860D50052ECB8 /* Owner.swift in Sources */,
				F0DE211E296364BE00BAA2DD /* UIButton + Extension.swift in Sources */,
				F0D2F50C29676BF70052ECB8 /* SettingsViewController.swift in Sources */,
				F0EF49AA2968B75400C178E8 /* RecommendationsResponse.swift in Sources */,
			);
			runOnlyForDeploymentPostprocessing = 0;
		};
/* End PBXSourcesBuildPhase section */

/* Begin PBXVariantGroup section */
		F0DE20EE296355BD00BAA2DD /* LaunchScreen.storyboard */ = {
			isa = PBXVariantGroup;
			children = (
				F0DE20EF296355BD00BAA2DD /* Base */,
			);
			name = LaunchScreen.storyboard;
			sourceTree = "<group>";
		};
/* End PBXVariantGroup section */

/* Begin XCBuildConfiguration section */
		F0DE20F2296355BD00BAA2DD /* Debug */ = {
			isa = XCBuildConfiguration;
			buildSettings = {
				ALWAYS_SEARCH_USER_PATHS = NO;
				CLANG_ANALYZER_NONNULL = YES;
				CLANG_ANALYZER_NUMBER_OBJECT_CONVERSION = YES_AGGRESSIVE;
				CLANG_CXX_LANGUAGE_STANDARD = "gnu++17";
				CLANG_ENABLE_MODULES = YES;
				CLANG_ENABLE_OBJC_ARC = YES;
				CLANG_ENABLE_OBJC_WEAK = YES;
				CLANG_WARN_BLOCK_CAPTURE_AUTORELEASING = YES;
				CLANG_WARN_BOOL_CONVERSION = YES;
				CLANG_WARN_COMMA = YES;
				CLANG_WARN_CONSTANT_CONVERSION = YES;
				CLANG_WARN_DEPRECATED_OBJC_IMPLEMENTATIONS = YES;
				CLANG_WARN_DIRECT_OBJC_ISA_USAGE = YES_ERROR;
				CLANG_WARN_DOCUMENTATION_COMMENTS = YES;
				CLANG_WARN_EMPTY_BODY = YES;
				CLANG_WARN_ENUM_CONVERSION = YES;
				CLANG_WARN_INFINITE_RECURSION = YES;
				CLANG_WARN_INT_CONVERSION = YES;
				CLANG_WARN_NON_LITERAL_NULL_CONVERSION = YES;
				CLANG_WARN_OBJC_IMPLICIT_RETAIN_SELF = YES;
				CLANG_WARN_OBJC_LITERAL_CONVERSION = YES;
				CLANG_WARN_OBJC_ROOT_CLASS = YES_ERROR;
				CLANG_WARN_QUOTED_INCLUDE_IN_FRAMEWORK_HEADER = YES;
				CLANG_WARN_RANGE_LOOP_ANALYSIS = YES;
				CLANG_WARN_STRICT_PROTOTYPES = YES;
				CLANG_WARN_SUSPICIOUS_MOVE = YES;
				CLANG_WARN_UNGUARDED_AVAILABILITY = YES_AGGRESSIVE;
				CLANG_WARN_UNREACHABLE_CODE = YES;
				CLANG_WARN__DUPLICATE_METHOD_MATCH = YES;
				COPY_PHASE_STRIP = NO;
				DEBUG_INFORMATION_FORMAT = dwarf;
				ENABLE_STRICT_OBJC_MSGSEND = YES;
				ENABLE_TESTABILITY = YES;
				GCC_C_LANGUAGE_STANDARD = gnu11;
				GCC_DYNAMIC_NO_PIC = NO;
				GCC_NO_COMMON_BLOCKS = YES;
				GCC_OPTIMIZATION_LEVEL = 0;
				GCC_PREPROCESSOR_DEFINITIONS = (
					"DEBUG=1",
					"$(inherited)",
				);
				GCC_WARN_64_TO_32_BIT_CONVERSION = YES;
				GCC_WARN_ABOUT_RETURN_TYPE = YES_ERROR;
				GCC_WARN_UNDECLARED_SELECTOR = YES;
				GCC_WARN_UNINITIALIZED_AUTOS = YES_AGGRESSIVE;
				GCC_WARN_UNUSED_FUNCTION = YES;
				GCC_WARN_UNUSED_VARIABLE = YES;
				IPHONEOS_DEPLOYMENT_TARGET = 15.4;
				MTL_ENABLE_DEBUG_INFO = INCLUDE_SOURCE;
				MTL_FAST_MATH = YES;
				ONLY_ACTIVE_ARCH = YES;
				SDKROOT = iphoneos;
				SWIFT_ACTIVE_COMPILATION_CONDITIONS = DEBUG;
				SWIFT_OPTIMIZATION_LEVEL = "-Onone";
			};
			name = Debug;
		};
		F0DE20F3296355BD00BAA2DD /* Release */ = {
			isa = XCBuildConfiguration;
			buildSettings = {
				ALWAYS_SEARCH_USER_PATHS = NO;
				CLANG_ANALYZER_NONNULL = YES;
				CLANG_ANALYZER_NUMBER_OBJECT_CONVERSION = YES_AGGRESSIVE;
				CLANG_CXX_LANGUAGE_STANDARD = "gnu++17";
				CLANG_ENABLE_MODULES = YES;
				CLANG_ENABLE_OBJC_ARC = YES;
				CLANG_ENABLE_OBJC_WEAK = YES;
				CLANG_WARN_BLOCK_CAPTURE_AUTORELEASING = YES;
				CLANG_WARN_BOOL_CONVERSION = YES;
				CLANG_WARN_COMMA = YES;
				CLANG_WARN_CONSTANT_CONVERSION = YES;
				CLANG_WARN_DEPRECATED_OBJC_IMPLEMENTATIONS = YES;
				CLANG_WARN_DIRECT_OBJC_ISA_USAGE = YES_ERROR;
				CLANG_WARN_DOCUMENTATION_COMMENTS = YES;
				CLANG_WARN_EMPTY_BODY = YES;
				CLANG_WARN_ENUM_CONVERSION = YES;
				CLANG_WARN_INFINITE_RECURSION = YES;
				CLANG_WARN_INT_CONVERSION = YES;
				CLANG_WARN_NON_LITERAL_NULL_CONVERSION = YES;
				CLANG_WARN_OBJC_IMPLICIT_RETAIN_SELF = YES;
				CLANG_WARN_OBJC_LITERAL_CONVERSION = YES;
				CLANG_WARN_OBJC_ROOT_CLASS = YES_ERROR;
				CLANG_WARN_QUOTED_INCLUDE_IN_FRAMEWORK_HEADER = YES;
				CLANG_WARN_RANGE_LOOP_ANALYSIS = YES;
				CLANG_WARN_STRICT_PROTOTYPES = YES;
				CLANG_WARN_SUSPICIOUS_MOVE = YES;
				CLANG_WARN_UNGUARDED_AVAILABILITY = YES_AGGRESSIVE;
				CLANG_WARN_UNREACHABLE_CODE = YES;
				CLANG_WARN__DUPLICATE_METHOD_MATCH = YES;
				COPY_PHASE_STRIP = NO;
				DEBUG_INFORMATION_FORMAT = "dwarf-with-dsym";
				ENABLE_NS_ASSERTIONS = NO;
				ENABLE_STRICT_OBJC_MSGSEND = YES;
				GCC_C_LANGUAGE_STANDARD = gnu11;
				GCC_NO_COMMON_BLOCKS = YES;
				GCC_WARN_64_TO_32_BIT_CONVERSION = YES;
				GCC_WARN_ABOUT_RETURN_TYPE = YES_ERROR;
				GCC_WARN_UNDECLARED_SELECTOR = YES;
				GCC_WARN_UNINITIALIZED_AUTOS = YES_AGGRESSIVE;
				GCC_WARN_UNUSED_FUNCTION = YES;
				GCC_WARN_UNUSED_VARIABLE = YES;
				IPHONEOS_DEPLOYMENT_TARGET = 15.4;
				MTL_ENABLE_DEBUG_INFO = NO;
				MTL_FAST_MATH = YES;
				SDKROOT = iphoneos;
				SWIFT_COMPILATION_MODE = wholemodule;
				SWIFT_OPTIMIZATION_LEVEL = "-O";
				VALIDATE_PRODUCT = YES;
			};
			name = Release;
		};
		F0DE20F5296355BD00BAA2DD /* Debug */ = {
			isa = XCBuildConfiguration;
			buildSettings = {
				ASSETCATALOG_COMPILER_APPICON_NAME = AppIcon;
				ASSETCATALOG_COMPILER_GLOBAL_ACCENT_COLOR_NAME = AccentColor;
				CODE_SIGN_STYLE = Automatic;
				CURRENT_PROJECT_VERSION = 1;
				DEVELOPMENT_TEAM = 7FLPT7M2FL;
				GENERATE_INFOPLIST_FILE = YES;
				INFOPLIST_FILE = SpotifyClone/Info.plist;
				INFOPLIST_KEY_UIApplicationSupportsIndirectInputEvents = YES;
				INFOPLIST_KEY_UILaunchStoryboardName = LaunchScreen;
				INFOPLIST_KEY_UISupportedInterfaceOrientations_iPad = "UIInterfaceOrientationPortrait UIInterfaceOrientationPortraitUpsideDown UIInterfaceOrientationLandscapeLeft UIInterfaceOrientationLandscapeRight";
				INFOPLIST_KEY_UISupportedInterfaceOrientations_iPhone = "UIInterfaceOrientationPortrait UIInterfaceOrientationLandscapeLeft UIInterfaceOrientationLandscapeRight";
				LD_RUNPATH_SEARCH_PATHS = (
					"$(inherited)",
					"@executable_path/Frameworks",
				);
				MARKETING_VERSION = 1.0;
				PRODUCT_BUNDLE_IDENTIFIER = com.mehmetbilir.SpotifyClone;
				PRODUCT_NAME = "$(TARGET_NAME)";
				SWIFT_EMIT_LOC_STRINGS = YES;
				SWIFT_VERSION = 5.0;
				TARGETED_DEVICE_FAMILY = "1,2";
			};
			name = Debug;
		};
		F0DE20F6296355BD00BAA2DD /* Release */ = {
			isa = XCBuildConfiguration;
			buildSettings = {
				ASSETCATALOG_COMPILER_APPICON_NAME = AppIcon;
				ASSETCATALOG_COMPILER_GLOBAL_ACCENT_COLOR_NAME = AccentColor;
				CODE_SIGN_STYLE = Automatic;
				CURRENT_PROJECT_VERSION = 1;
				DEVELOPMENT_TEAM = 7FLPT7M2FL;
				GENERATE_INFOPLIST_FILE = YES;
				INFOPLIST_FILE = SpotifyClone/Info.plist;
				INFOPLIST_KEY_UIApplicationSupportsIndirectInputEvents = YES;
				INFOPLIST_KEY_UILaunchStoryboardName = LaunchScreen;
				INFOPLIST_KEY_UISupportedInterfaceOrientations_iPad = "UIInterfaceOrientationPortrait UIInterfaceOrientationPortraitUpsideDown UIInterfaceOrientationLandscapeLeft UIInterfaceOrientationLandscapeRight";
				INFOPLIST_KEY_UISupportedInterfaceOrientations_iPhone = "UIInterfaceOrientationPortrait UIInterfaceOrientationLandscapeLeft UIInterfaceOrientationLandscapeRight";
				LD_RUNPATH_SEARCH_PATHS = (
					"$(inherited)",
					"@executable_path/Frameworks",
				);
				MARKETING_VERSION = 1.0;
				PRODUCT_BUNDLE_IDENTIFIER = com.mehmetbilir.SpotifyClone;
				PRODUCT_NAME = "$(TARGET_NAME)";
				SWIFT_EMIT_LOC_STRINGS = YES;
				SWIFT_VERSION = 5.0;
				TARGETED_DEVICE_FAMILY = "1,2";
			};
			name = Release;
		};
/* End XCBuildConfiguration section */

/* Begin XCConfigurationList section */
		F0DE20DB296355BD00BAA2DD /* Build configuration list for PBXProject "SpotifyClone" */ = {
			isa = XCConfigurationList;
			buildConfigurations = (
				F0DE20F2296355BD00BAA2DD /* Debug */,
				F0DE20F3296355BD00BAA2DD /* Release */,
			);
			defaultConfigurationIsVisible = 0;
			defaultConfigurationName = Release;
		};
		F0DE20F4296355BD00BAA2DD /* Build configuration list for PBXNativeTarget "SpotifyClone" */ = {
			isa = XCConfigurationList;
			buildConfigurations = (
				F0DE20F5296355BD00BAA2DD /* Debug */,
				F0DE20F6296355BD00BAA2DD /* Release */,
			);
			defaultConfigurationIsVisible = 0;
			defaultConfigurationName = Release;
		};
/* End XCConfigurationList section */

/* Begin XCRemoteSwiftPackageReference section */
		F0D2F511296780170052ECB8 /* XCRemoteSwiftPackageReference "SDWebImage" */ = {
			isa = XCRemoteSwiftPackageReference;
			repositoryURL = "https://github.com/SDWebImage/SDWebImage.git";
			requirement = {
				branch = master;
				kind = branch;
			};
		};
		F0DE211F2963658400BAA2DD /* XCRemoteSwiftPackageReference "SnapKit" */ = {
			isa = XCRemoteSwiftPackageReference;
			repositoryURL = "https://github.com/SnapKit/SnapKit.git";
			requirement = {
				kind = upToNextMajorVersion;
				minimumVersion = 5.0.0;
			};
		};
/* End XCRemoteSwiftPackageReference section */

/* Begin XCSwiftPackageProductDependency section */
		F0D2F512296780170052ECB8 /* SDWebImage */ = {
			isa = XCSwiftPackageProductDependency;
			package = F0D2F511296780170052ECB8 /* XCRemoteSwiftPackageReference "SDWebImage" */;
			productName = SDWebImage;
		};
		F0DE21202963658400BAA2DD /* SnapKit */ = {
			isa = XCSwiftPackageProductDependency;
			package = F0DE211F2963658400BAA2DD /* XCRemoteSwiftPackageReference "SnapKit" */;
			productName = SnapKit;
		};
/* End XCSwiftPackageProductDependency section */
	};
	rootObject = F0DE20D8296355BD00BAA2DD /* Project object */;
}
